
Microsoft Visual Studio Solution File, Format Version 12.00
# Visual Studio Version 17
VisualStudioVersion = 17.5.002.0
MinimumVisualStudioVersion = 10.0.40219.1
Project("{2150E333-8FDC-42A3-9474-1A3956D46DE8}") = "csharp-prep", "csharp-prep", "{03238F4B-D2F9-46B5-988C-76304DA6786A}"
EndProject
Project("{9A19103F-16F7-4668-BE54-9A1E7A4F7556}") = "Prep1", "csharp-prep\Prep1\Prep1.csproj", "{FA354D7E-10C0-4AFF-9C06-24DB414EB183}"
EndProject
Project("{9A19103F-16F7-4668-BE54-9A1E7A4F7556}") = "Prep2", "csharp-prep\Prep2\Prep2.csproj", "{34E195FC-C609-4985-AF11-246AA0732EAD}"
EndProject
Project("{9A19103F-16F7-4668-BE54-9A1E7A4F7556}") = "Prep3", "csharp-prep\Prep3\Prep3.csproj", "{EC230B11-85DC-44E8-A7F2-4DD50B2CEDFD}"
EndProject
Project("{9A19103F-16F7-4668-BE54-9A1E7A4F7556}") = "Prep4", "csharp-prep\Prep4\Prep4.csproj", "{7DC0F701-B0D7-4B5D-A3EA-A7E31138D032}"
EndProject
Project("{9A19103F-16F7-4668-BE54-9A1E7A4F7556}") = "Prep5", "csharp-prep\Prep5\Prep5.csproj", "{AA3BDE7E-0F68-4FDE-8B30-E02DBEE866BB}"
EndProject
Project("{2150E333-8FDC-42A3-9474-1A3956D46DE8}") = "final", "final", "{70443700-E66E-4B09-9A80-2F682013EC04}"
EndProject
Project("{9A19103F-16F7-4668-BE54-9A1E7A4F7556}") = "FinalProject", "final\FinalProject\FinalProject.csproj", "{C4CBD2F3-E974-43C0-9F8A-EFE08852534E}"
EndProject
Project("{9A19103F-16F7-4668-BE54-9A1E7A4F7556}") = "Foundation1", "final\Foundation1\Foundation1.csproj", "{D62A5751-C3B6-4A99-95FA-23C8642BE527}"
EndProject
Project("{9A19103F-16F7-4668-BE54-9A1E7A4F7556}") = "Foundation2", "final\Foundation2\Foundation2.csproj", "{A5BAABEB-E4BF-4154-8D51-594A7EE08D20}"
EndProject
Project("{9A19103F-16F7-4668-BE54-9A1E7A4F7556}") = "Foundation3", "final\Foundation3\Foundation3.csproj", "{C2F27BE3-744C-4040-AA55-C828C9628B38}"
EndProject
Project("{9A19103F-16F7-4668-BE54-9A1E7A4F7556}") = "Foundation4", "final\Foundation4\Foundation4.csproj", "{DF9E2034-D76F-4E83-AB7E-6DB72DC9FC43}"
EndProject
Project("{2150E333-8FDC-42A3-9474-1A3956D46DE8}") = "prepare", "prepare", "{837F9281-2BEA-474C-8DD5-56EAB5B41B82}"
EndProject
Project("{9A19103F-16F7-4668-BE54-9A1E7A4F7556}") = "Learning02", "prepare\Learning02\Learning02.csproj", "{68DA61BE-F632-4C86-853E-CB9CAE231A47}"
EndProject
Project("{9A19103F-16F7-4668-BE54-9A1E7A4F7556}") = "Learning03", "prepare\Learning03\Learning03.csproj", "{2F12ECD2-F789-4E24-8DC4-59BD9E63E3F2}"
EndProject
Project("{9A19103F-16F7-4668-BE54-9A1E7A4F7556}") = "Learning04", "prepare\Learning04\Learning04.csproj", "{467EE105-DFB7-4581-BEB3-E71074C7D501}"
EndProject
Project("{9A19103F-16F7-4668-BE54-9A1E7A4F7556}") = "Learning05", "prepare\Learning05\Learning05.csproj", "{64CDC0EC-931F-41B5-AFFF-4844BD7E97A7}"
EndProject
Project("{2150E333-8FDC-42A3-9474-1A3956D46DE8}") = "prove", "prove", "{88FED64E-30A2-4C9C-B6AB-8F9674475015}"
EndProject
Project("{9A19103F-16F7-4668-BE54-9A1E7A4F7556}") = "Develop02", "prove\Develop02\Develop02.csproj", "{CB0EA078-E4E8-441F-A668-9599A298BAAC}"
EndProject
Project("{9A19103F-16F7-4668-BE54-9A1E7A4F7556}") = "Develop03", "prove\Develop03\Develop03.csproj", "{3A4D11BA-C706-4AD0-8501-1DF32F349982}"
EndProject
Project("{9A19103F-16F7-4668-BE54-9A1E7A4F7556}") = "Develop04", "prove\Develop04\Develop04.csproj", "{1C978B5E-97AC-460E-AA38-C24F968A643F}"
EndProject
Project("{9A19103F-16F7-4668-BE54-9A1E7A4F7556}") = "Develop05", "prove\Develop05\Develop05.csproj", "{00D06F5C-B9CA-4221-AB72-A5CDC8E0F335}"
EndProject
Project("{2150E333-8FDC-42A3-9474-1A3956D46DE8}") = "sandbox", "sandbox", "{3FF11C5E-07B8-4066-A4F0-5D44F9AE85F1}"
EndProject
Project("{9A19103F-16F7-4668-BE54-9A1E7A4F7556}") = "Sandbox", "sandbox\Sandbox\Sandbox.csproj", "{7AC2B489-4648-4AD4-A0E6-49B9CB2DEC8C}"
EndProject
Global
	GlobalSection(SolutionConfigurationPlatforms) = preSolution
		Debug|Any CPU = Debug|Any CPU
		Release|Any CPU = Release|Any CPU
	EndGlobalSection
	GlobalSection(ProjectConfigurationPlatforms) = postSolution
		{FA354D7E-10C0-4AFF-9C06-24DB414EB183}.Debug|Any CPU.ActiveCfg = Debug|Any CPU
		{FA354D7E-10C0-4AFF-9C06-24DB414EB183}.Debug|Any CPU.Build.0 = Debug|Any CPU
		{FA354D7E-10C0-4AFF-9C06-24DB414EB183}.Release|Any CPU.ActiveCfg = Release|Any CPU
		{FA354D7E-10C0-4AFF-9C06-24DB414EB183}.Release|Any CPU.Build.0 = Release|Any CPU
		{34E195FC-C609-4985-AF11-246AA0732EAD}.Debug|Any CPU.ActiveCfg = Debug|Any CPU
		{34E195FC-C609-4985-AF11-246AA0732EAD}.Debug|Any CPU.Build.0 = Debug|Any CPU
		{34E195FC-C609-4985-AF11-246AA0732EAD}.Release|Any CPU.ActiveCfg = Release|Any CPU
		{34E195FC-C609-4985-AF11-246AA0732EAD}.Release|Any CPU.Build.0 = Release|Any CPU
		{EC230B11-85DC-44E8-A7F2-4DD50B2CEDFD}.Debug|Any CPU.ActiveCfg = Debug|Any CPU
		{EC230B11-85DC-44E8-A7F2-4DD50B2CEDFD}.Debug|Any CPU.Build.0 = Debug|Any CPU
		{EC230B11-85DC-44E8-A7F2-4DD50B2CEDFD}.Release|Any CPU.ActiveCfg = Release|Any CPU
		{EC230B11-85DC-44E8-A7F2-4DD50B2CEDFD}.Release|Any CPU.Build.0 = Release|Any CPU
		{7DC0F701-B0D7-4B5D-A3EA-A7E31138D032}.Debug|Any CPU.ActiveCfg = Debug|Any CPU
		{7DC0F701-B0D7-4B5D-A3EA-A7E31138D032}.Debug|Any CPU.Build.0 = Debug|Any CPU
		{7DC0F701-B0D7-4B5D-A3EA-A7E31138D032}.Release|Any CPU.ActiveCfg = Release|Any CPU
		{7DC0F701-B0D7-4B5D-A3EA-A7E31138D032}.Release|Any CPU.Build.0 = Release|Any CPU
		{AA3BDE7E-0F68-4FDE-8B30-E02DBEE866BB}.Debug|Any CPU.ActiveCfg = Debug|Any CPU
		{AA3BDE7E-0F68-4FDE-8B30-E02DBEE866BB}.Debug|Any CPU.Build.0 = Debug|Any CPU
		{AA3BDE7E-0F68-4FDE-8B30-E02DBEE866BB}.Release|Any CPU.ActiveCfg = Release|Any CPU
		{AA3BDE7E-0F68-4FDE-8B30-E02DBEE866BB}.Release|Any CPU.Build.0 = Release|Any CPU
		{C4CBD2F3-E974-43C0-9F8A-EFE08852534E}.Debug|Any CPU.ActiveCfg = Debug|Any CPU
		{C4CBD2F3-E974-43C0-9F8A-EFE08852534E}.Debug|Any CPU.Build.0 = Debug|Any CPU
		{C4CBD2F3-E974-43C0-9F8A-EFE08852534E}.Release|Any CPU.ActiveCfg = Release|Any CPU
		{C4CBD2F3-E974-43C0-9F8A-EFE08852534E}.Release|Any CPU.Build.0 = Release|Any CPU
		{D62A5751-C3B6-4A99-95FA-23C8642BE527}.Debug|Any CPU.ActiveCfg = Debug|Any CPU
		{D62A5751-C3B6-4A99-95FA-23C8642BE527}.Debug|Any CPU.Build.0 = Debug|Any CPU
		{D62A5751-C3B6-4A99-95FA-23C8642BE527}.Release|Any CPU.ActiveCfg = Release|Any CPU
		{D62A5751-C3B6-4A99-95FA-23C8642BE527}.Release|Any CPU.Build.0 = Release|Any CPU
		{A5BAABEB-E4BF-4154-8D51-594A7EE08D20}.Debug|Any CPU.ActiveCfg = Debug|Any CPU
		{A5BAABEB-E4BF-4154-8D51-594A7EE08D20}.Debug|Any CPU.Build.0 = Debug|Any CPU
		{A5BAABEB-E4BF-4154-8D51-594A7EE08D20}.Release|Any CPU.ActiveCfg = Release|Any CPU
		{A5BAABEB-E4BF-4154-8D51-594A7EE08D20}.Release|Any CPU.Build.0 = Release|Any CPU
		{C2F27BE3-744C-4040-AA55-C828C9628B38}.Debug|Any CPU.ActiveCfg = Debug|Any CPU
		{C2F27BE3-744C-4040-AA55-C828C9628B38}.Debug|Any CPU.Build.0 = Debug|Any CPU
		{C2F27BE3-744C-4040-AA55-C828C9628B38}.Release|Any CPU.ActiveCfg = Release|Any CPU
		{C2F27BE3-744C-4040-AA55-C828C9628B38}.Release|Any CPU.Build.0 = Release|Any CPU
		{DF9E2034-D76F-4E83-AB7E-6DB72DC9FC43}.Debug|Any CPU.ActiveCfg = Debug|Any CPU
		{DF9E2034-D76F-4E83-AB7E-6DB72DC9FC43}.Debug|Any CPU.Build.0 = Debug|Any CPU
		{DF9E2034-D76F-4E83-AB7E-6DB72DC9FC43}.Release|Any CPU.ActiveCfg = Release|Any CPU
		{DF9E2034-D76F-4E83-AB7E-6DB72DC9FC43}.Release|Any CPU.Build.0 = Release|Any CPU
		{68DA61BE-F632-4C86-853E-CB9CAE231A47}.Debug|Any CPU.ActiveCfg = Debug|Any CPU
		{68DA61BE-F632-4C86-853E-CB9CAE231A47}.Debug|Any CPU.Build.0 = Debug|Any CPU
		{68DA61BE-F632-4C86-853E-CB9CAE231A47}.Release|Any CPU.ActiveCfg = Release|Any CPU
		{68DA61BE-F632-4C86-853E-CB9CAE231A47}.Release|Any CPU.Build.0 = Release|Any CPU
		{2F12ECD2-F789-4E24-8DC4-59BD9E63E3F2}.Debug|Any CPU.ActiveCfg = Debug|Any CPU
		{2F12ECD2-F789-4E24-8DC4-59BD9E63E3F2}.Debug|Any CPU.Build.0 = Debug|Any CPU
		{2F12ECD2-F789-4E24-8DC4-59BD9E63E3F2}.Release|Any CPU.ActiveCfg = Release|Any CPU
		{2F12ECD2-F789-4E24-8DC4-59BD9E63E3F2}.Release|Any CPU.Build.0 = Release|Any CPU
		{467EE105-DFB7-4581-BEB3-E71074C7D501}.Debug|Any CPU.ActiveCfg = Debug|Any CPU
		{467EE105-DFB7-4581-BEB3-E71074C7D501}.Debug|Any CPU.Build.0 = Debug|Any CPU
		{467EE105-DFB7-4581-BEB3-E71074C7D501}.Release|Any CPU.ActiveCfg = Release|Any CPU
		{467EE105-DFB7-4581-BEB3-E71074C7D501}.Release|Any CPU.Build.0 = Release|Any CPU
		{64CDC0EC-931F-41B5-AFFF-4844BD7E97A7}.Debug|Any CPU.ActiveCfg = Debug|Any CPU
		{64CDC0EC-931F-41B5-AFFF-4844BD7E97A7}.Debug|Any CPU.Build.0 = Debug|Any CPU
		{64CDC0EC-931F-41B5-AFFF-4844BD7E97A7}.Release|Any CPU.ActiveCfg = Release|Any CPU
		{64CDC0EC-931F-41B5-AFFF-4844BD7E97A7}.Release|Any CPU.Build.0 = Release|Any CPU
		{CB0EA078-E4E8-441F-A668-9599A298BAAC}.Debug|Any CPU.ActiveCfg = Debug|Any CPU
		{CB0EA078-E4E8-441F-A668-9599A298BAAC}.Debug|Any CPU.Build.0 = Debug|Any CPU
		{CB0EA078-E4E8-441F-A668-9599A298BAAC}.Release|Any CPU.ActiveCfg = Release|Any CPU
		{CB0EA078-E4E8-441F-A668-9599A298BAAC}.Release|Any CPU.Build.0 = Release|Any CPU
		{3A4D11BA-C706-4AD0-8501-1DF32F349982}.Debug|Any CPU.ActiveCfg = Debug|Any CPU
		{3A4D11BA-C706-4AD0-8501-1DF32F349982}.Debug|Any CPU.Build.0 = Debug|Any CPU
		{3A4D11BA-C706-4AD0-8501-1DF32F349982}.Release|Any CPU.ActiveCfg = Release|Any CPU
		{3A4D11BA-C706-4AD0-8501-1DF32F349982}.Release|Any CPU.Build.0 = Release|Any CPU
		{1C978B5E-97AC-460E-AA38-C24F968A643F}.Debug|Any CPU.ActiveCfg = Debug|Any CPU
		{1C978B5E-97AC-460E-AA38-C24F968A643F}.Debug|Any CPU.Build.0 = Debug|Any CPU
		{1C978B5E-97AC-460E-AA38-C24F968A643F}.Release|Any CPU.ActiveCfg = Release|Any CPU
		{1C978B5E-97AC-460E-AA38-C24F968A643F}.Release|Any CPU.Build.0 = Release|Any CPU
		{00D06F5C-B9CA-4221-AB72-A5CDC8E0F335}.Debug|Any CPU.ActiveCfg = Debug|Any CPU
		{00D06F5C-B9CA-4221-AB72-A5CDC8E0F335}.Debug|Any CPU.Build.0 = Debug|Any CPU
		{00D06F5C-B9CA-4221-AB72-A5CDC8E0F335}.Release|Any CPU.ActiveCfg = Release|Any CPU
		{00D06F5C-B9CA-4221-AB72-A5CDC8E0F335}.Release|Any CPU.Build.0 = Release|Any CPU
		{7AC2B489-4648-4AD4-A0E6-49B9CB2DEC8C}.Debug|Any CPU.ActiveCfg = Debug|Any CPU
		{7AC2B489-4648-4AD4-A0E6-49B9CB2DEC8C}.Debug|Any CPU.Build.0 = Debug|Any CPU
		{7AC2B489-4648-4AD4-A0E6-49B9CB2DEC8C}.Release|Any CPU.ActiveCfg = Release|Any CPU
		{7AC2B489-4648-4AD4-A0E6-49B9CB2DEC8C}.Release|Any CPU.Build.0 = Release|Any CPU
	EndGlobalSection
	GlobalSection(SolutionProperties) = preSolution
		HideSolutionNode = FALSE
	EndGlobalSection
	GlobalSection(NestedProjects) = preSolution
		{FA354D7E-10C0-4AFF-9C06-24DB414EB183} = {03238F4B-D2F9-46B5-988C-76304DA6786A}
		{34E195FC-C609-4985-AF11-246AA0732EAD} = {03238F4B-D2F9-46B5-988C-76304DA6786A}
		{EC230B11-85DC-44E8-A7F2-4DD50B2CEDFD} = {03238F4B-D2F9-46B5-988C-76304DA6786A}
		{7DC0F701-B0D7-4B5D-A3EA-A7E31138D032} = {03238F4B-D2F9-46B5-988C-76304DA6786A}
		{AA3BDE7E-0F68-4FDE-8B30-E02DBEE866BB} = {03238F4B-D2F9-46B5-988C-76304DA6786A}
		{C4CBD2F3-E974-43C0-9F8A-EFE08852534E} = {70443700-E66E-4B09-9A80-2F682013EC04}
		{D62A5751-C3B6-4A99-95FA-23C8642BE527} = {70443700-E66E-4B09-9A80-2F682013EC04}
		{A5BAABEB-E4BF-4154-8D51-594A7EE08D20} = {70443700-E66E-4B09-9A80-2F682013EC04}
		{C2F27BE3-744C-4040-AA55-C828C9628B38} = {70443700-E66E-4B09-9A80-2F682013EC04}
		{DF9E2034-D76F-4E83-AB7E-6DB72DC9FC43} = {70443700-E66E-4B09-9A80-2F682013EC04}
		{68DA61BE-F632-4C86-853E-CB9CAE231A47} = {837F9281-2BEA-474C-8DD5-56EAB5B41B82}
		{2F12ECD2-F789-4E24-8DC4-59BD9E63E3F2} = {837F9281-2BEA-474C-8DD5-56EAB5B41B82}
		{467EE105-DFB7-4581-BEB3-E71074C7D501} = {837F9281-2BEA-474C-8DD5-56EAB5B41B82}
		{64CDC0EC-931F-41B5-AFFF-4844BD7E97A7} = {837F9281-2BEA-474C-8DD5-56EAB5B41B82}
		{CB0EA078-E4E8-441F-A668-9599A298BAAC} = {88FED64E-30A2-4C9C-B6AB-8F9674475015}
		{3A4D11BA-C706-4AD0-8501-1DF32F349982} = {88FED64E-30A2-4C9C-B6AB-8F9674475015}
		{1C978B5E-97AC-460E-AA38-C24F968A643F} = {88FED64E-30A2-4C9C-B6AB-8F9674475015}
		{00D06F5C-B9CA-4221-AB72-A5CDC8E0F335} = {88FED64E-30A2-4C9C-B6AB-8F9674475015}
		{7AC2B489-4648-4AD4-A0E6-49B9CB2DEC8C} = {3FF11C5E-07B8-4066-A4F0-5D44F9AE85F1}
	EndGlobalSection
	GlobalSection(ExtensibilityGlobals) = postSolution
		SolutionGuid = {5349AD02-B467-49EB-AAF1-47F5C83633DE}
	EndGlobalSection
EndGlobal
